// !$*UTF8*$!
{
	archiveVersion = 1;
	classes = {
	};
	objectVersion = 55;
	objects = {

/* Begin PBXBuildFile section */
		6A49DC262808537C006C50DC /* AppDelegate.swift in Sources */ = {isa = PBXBuildFile; fileRef = 6A49DC252808537C006C50DC /* AppDelegate.swift */; };
		6A49DC282808537C006C50DC /* SceneDelegate.swift in Sources */ = {isa = PBXBuildFile; fileRef = 6A49DC272808537C006C50DC /* SceneDelegate.swift */; };
		6A49DC2A2808537C006C50DC /* ViewController.swift in Sources */ = {isa = PBXBuildFile; fileRef = 6A49DC292808537C006C50DC /* ViewController.swift */; };
		6A49DC2D2808537C006C50DC /* Main.storyboard in Resources */ = {isa = PBXBuildFile; fileRef = 6A49DC2B2808537C006C50DC /* Main.storyboard */; };
		6A49DC2F2808537D006C50DC /* Assets.xcassets in Resources */ = {isa = PBXBuildFile; fileRef = 6A49DC2E2808537D006C50DC /* Assets.xcassets */; };
		6A49DC322808537D006C50DC /* LaunchScreen.storyboard in Resources */ = {isa = PBXBuildFile; fileRef = 6A49DC302808537D006C50DC /* LaunchScreen.storyboard */; };
		6A49DC3D2808537D006C50DC /* MovieSearchAppTests.swift in Sources */ = {isa = PBXBuildFile; fileRef = 6A49DC3C2808537D006C50DC /* MovieSearchAppTests.swift */; };
		6A49DC472808537D006C50DC /* MovieSearchAppUITests.swift in Sources */ = {isa = PBXBuildFile; fileRef = 6A49DC462808537D006C50DC /* MovieSearchAppUITests.swift */; };
		6A49DC492808537D006C50DC /* MovieSearchAppUITestsLaunchTests.swift in Sources */ = {isa = PBXBuildFile; fileRef = 6A49DC482808537D006C50DC /* MovieSearchAppUITestsLaunchTests.swift */; };
/* End PBXBuildFile section */

/* Begin PBXContainerItemProxy section */
		6A49DC392808537D006C50DC /* PBXContainerItemProxy */ = {
			isa = PBXContainerItemProxy;
			containerPortal = 6A49DC1A2808537C006C50DC /* Project object */;
			proxyType = 1;
			remoteGlobalIDString = 6A49DC212808537C006C50DC;
			remoteInfo = MovieSearchApp;
		};
		6A49DC432808537D006C50DC /* PBXContainerItemProxy */ = {
			isa = PBXContainerItemProxy;
			containerPortal = 6A49DC1A2808537C006C50DC /* Project object */;
			proxyType = 1;
			remoteGlobalIDString = 6A49DC212808537C006C50DC;
			remoteInfo = MovieSearchApp;
		};
/* End PBXContainerItemProxy section */

/* Begin PBXFileReference section */
		6A49DC222808537C006C50DC /* MovieSearchApp.app */ = {isa = PBXFileReference; explicitFileType = wrapper.application; includeInIndex = 0; path = MovieSearchApp.app; sourceTree = BUILT_PRODUCTS_DIR; };
		6A49DC252808537C006C50DC /* AppDelegate.swift */ = {isa = PBXFileReference; lastKnownFileType = sourcecode.swift; path = AppDelegate.swift; sourceTree = "<group>"; };
		6A49DC272808537C006C50DC /* SceneDelegate.swift */ = {isa = PBXFileReference; lastKnownFileType = sourcecode.swift; path = SceneDelegate.swift; sourceTree = "<group>"; };
		6A49DC292808537C006C50DC /* ViewController.swift */ = {isa = PBXFileReference; lastKnownFileType = sourcecode.swift; path = ViewController.swift; sourceTree = "<group>"; };
		6A49DC2C2808537C006C50DC /* Base */ = {isa = PBXFileReference; lastKnownFileType = file.storyboard; name = Base; path = Base.lproj/Main.storyboard; sourceTree = "<group>"; };
		6A49DC2E2808537D006C50DC /* Assets.xcassets */ = {isa = PBXFileReference; lastKnownFileType = folder.assetcatalog; path = Assets.xcassets; sourceTree = "<group>"; };
		6A49DC312808537D006C50DC /* Base */ = {isa = PBXFileReference; lastKnownFileType = file.storyboard; name = Base; path = Base.lproj/LaunchScreen.storyboard; sourceTree = "<group>"; };
		6A49DC332808537D006C50DC /* Info.plist */ = {isa = PBXFileReference; lastKnownFileType = text.plist.xml; path = Info.plist; sourceTree = "<group>"; };
		6A49DC382808537D006C50DC /* MovieSearchAppTests.xctest */ = {isa = PBXFileReference; explicitFileType = wrapper.cfbundle; includeInIndex = 0; path = MovieSearchAppTests.xctest; sourceTree = BUILT_PRODUCTS_DIR; };
		6A49DC3C2808537D006C50DC /* MovieSearchAppTests.swift */ = {isa = PBXFileReference; lastKnownFileType = sourcecode.swift; path = MovieSearchAppTests.swift; sourceTree = "<group>"; };
		6A49DC422808537D006C50DC /* MovieSearchAppUITests.xctest */ = {isa = PBXFileReference; explicitFileType = wrapper.cfbundle; includeInIndex = 0; path = MovieSearchAppUITests.xctest; sourceTree = BUILT_PRODUCTS_DIR; };
		6A49DC462808537D006C50DC /* MovieSearchAppUITests.swift */ = {isa = PBXFileReference; lastKnownFileType = sourcecode.swift; path = MovieSearchAppUITests.swift; sourceTree = "<group>"; };
		6A49DC482808537D006C50DC /* MovieSearchAppUITestsLaunchTests.swift */ = {isa = PBXFileReference; lastKnownFileType = sourcecode.swift; path = MovieSearchAppUITestsLaunchTests.swift; sourceTree = "<group>"; };
/* End PBXFileReference section */

/* Begin PBXFrameworksBuildPhase section */
		6A49DC1F2808537C006C50DC /* Frameworks */ = {
			isa = PBXFrameworksBuildPhase;
			buildActionMask = 2147483647;
			files = (
			);
			runOnlyForDeploymentPostprocessing = 0;
		};
		6A49DC352808537D006C50DC /* Frameworks */ = {
			isa = PBXFrameworksBuildPhase;
			buildActionMask = 2147483647;
			files = (
			);
			runOnlyForDeploymentPostprocessing = 0;
		};
		6A49DC3F2808537D006C50DC /* Frameworks */ = {
			isa = PBXFrameworksBuildPhase;
			buildActionMask = 2147483647;
			files = (
			);
			runOnlyForDeploymentPostprocessing = 0;
		};
/* End PBXFrameworksBuildPhase section */

/* Begin PBXGroup section */
		6A49DC192808537C006C50DC = {
			isa = PBXGroup;
			children = (
				6A49DC242808537C006C50DC /* MovieSearchApp */,
				6A49DC3B2808537D006C50DC /* MovieSearchAppTests */,
				6A49DC452808537D006C50DC /* MovieSearchAppUITests */,
				6A49DC232808537C006C50DC /* Products */,
			);
			sourceTree = "<group>";
		};
		6A49DC232808537C006C50DC /* Products */ = {
			isa = PBXGroup;
			children = (
				6A49DC222808537C006C50DC /* MovieSearchApp.app */,
				6A49DC382808537D006C50DC /* MovieSearchAppTests.xctest */,
				6A49DC422808537D006C50DC /* MovieSearchAppUITests.xctest */,
			);
			name = Products;
			sourceTree = "<group>";
		};
		6A49DC242808537C006C50DC /* MovieSearchApp */ = {
			isa = PBXGroup;
			children = (
				6A49DC252808537C006C50DC /* AppDelegate.swift */,
				6A49DC272808537C006C50DC /* SceneDelegate.swift */,
				6A49DC292808537C006C50DC /* ViewController.swift */,
				6A49DC2B2808537C006C50DC /* Main.storyboard */,
				6A49DC2E2808537D006C50DC /* Assets.xcassets */,
				6A49DC302808537D006C50DC /* LaunchScreen.storyboard */,
				6A49DC332808537D006C50DC /* Info.plist */,
			);
			path = MovieSearchApp;
			sourceTree = "<group>";
		};
		6A49DC3B2808537D006C50DC /* MovieSearchAppTests */ = {
			isa = PBXGroup;
			children = (
				6A49DC3C2808537D006C50DC /* MovieSearchAppTests.swift */,
			);
			path = MovieSearchAppTests;
			sourceTree = "<group>";
		};
		6A49DC452808537D006C50DC /* MovieSearchAppUITests */ = {
			isa = PBXGroup;
			children = (
				6A49DC462808537D006C50DC /* MovieSearchAppUITests.swift */,
				6A49DC482808537D006C50DC /* MovieSearchAppUITestsLaunchTests.swift */,
			);
			path = MovieSearchAppUITests;
			sourceTree = "<group>";
		};
/* End PBXGroup section */

/* Begin PBXNativeTarget section */
		6A49DC212808537C006C50DC /* MovieSearchApp */ = {
			isa = PBXNativeTarget;
			buildConfigurationList = 6A49DC4C2808537D006C50DC /* Build configuration list for PBXNativeTarget "MovieSearchApp" */;
			buildPhases = (
				6A49DC1E2808537C006C50DC /* Sources */,
				6A49DC1F2808537C006C50DC /* Frameworks */,
				6A49DC202808537C006C50DC /* Resources */,
			);
			buildRules = (
			);
			dependencies = (
			);
			name = MovieSearchApp;
			productName = MovieSearchApp;
			productReference = 6A49DC222808537C006C50DC /* MovieSearchApp.app */;
			productType = "com.apple.product-type.application";
		};
		6A49DC372808537D006C50DC /* MovieSearchAppTests */ = {
			isa = PBXNativeTarget;
			buildConfigurationList = 6A49DC4F2808537D006C50DC /* Build configuration list for PBXNativeTarget "MovieSearchAppTests" */;
			buildPhases = (
				6A49DC342808537D006C50DC /* Sources */,
				6A49DC352808537D006C50DC /* Frameworks */,
				6A49DC362808537D006C50DC /* Resources */,
			);
			buildRules = (
			);
			dependencies = (
				6A49DC3A2808537D006C50DC /* PBXTargetDependency */,
			);
			name = MovieSearchAppTests;
			productName = MovieSearchAppTests;
			productReference = 6A49DC382808537D006C50DC /* MovieSearchAppTests.xctest */;
			productType = "com.apple.product-type.bundle.unit-test";
		};
		6A49DC412808537D006C50DC /* MovieSearchAppUITests */ = {
			isa = PBXNativeTarget;
			buildConfigurationList = 6A49DC522808537D006C50DC /* Build configuration list for PBXNativeTarget "MovieSearchAppUITests" */;
			buildPhases = (
				6A49DC3E2808537D006C50DC /* Sources */,
				6A49DC3F2808537D006C50DC /* Frameworks */,
				6A49DC402808537D006C50DC /* Resources */,
			);
			buildRules = (
			);
			dependencies = (
				6A49DC442808537D006C50DC /* PBXTargetDependency */,
			);
			name = MovieSearchAppUITests;
			productName = MovieSearchAppUITests;
			productReference = 6A49DC422808537D006C50DC /* MovieSearchAppUITests.xctest */;
			productType = "com.apple.product-type.bundle.ui-testing";
		};
/* End PBXNativeTarget section */

/* Begin PBXProject section */
		6A49DC1A2808537C006C50DC /* Project object */ = {
			isa = PBXProject;
			attributes = {
				BuildIndependentTargetsInParallel = 1;
				LastSwiftUpdateCheck = 1320;
				LastUpgradeCheck = 1320;
				TargetAttributes = {
					6A49DC212808537C006C50DC = {
						CreatedOnToolsVersion = 13.2.1;
					};
					6A49DC372808537D006C50DC = {
						CreatedOnToolsVersion = 13.2.1;
						TestTargetID = 6A49DC212808537C006C50DC;
					};
					6A49DC412808537D006C50DC = {
						CreatedOnToolsVersion = 13.2.1;
						TestTargetID = 6A49DC212808537C006C50DC;
					};
				};
			};
			buildConfigurationList = 6A49DC1D2808537C006C50DC /* Build configuration list for PBXProject "MovieSearchApp" */;
			compatibilityVersion = "Xcode 13.0";
			developmentRegion = en;
			hasScannedForEncodings = 0;
			knownRegions = (
				en,
				Base,
			);
			mainGroup = 6A49DC192808537C006C50DC;
			productRefGroup = 6A49DC232808537C006C50DC /* Products */;
			projectDirPath = "";
			projectRoot = "";
			targets = (
				6A49DC212808537C006C50DC /* MovieSearchApp */,
				6A49DC372808537D006C50DC /* MovieSearchAppTests */,
				6A49DC412808537D006C50DC /* MovieSearchAppUITests */,
			);
		};
/* End PBXProject section */

/* Begin PBXResourcesBuildPhase section */
		6A49DC202808537C006C50DC /* Resources */ = {
			isa = PBXResourcesBuildPhase;
			buildActionMask = 2147483647;
			files = (
				6A49DC322808537D006C50DC /* LaunchScreen.storyboard in Resources */,
				6A49DC2F2808537D006C50DC /* Assets.xcassets in Resources */,
				6A49DC2D2808537C006C50DC /* Main.storyboard in Resources */,
			);
			runOnlyForDeploymentPostprocessing = 0;
		};
		6A49DC362808537D006C50DC /* Resources */ = {
			isa = PBXResourcesBuildPhase;
			buildActionMask = 2147483647;
			files = (
			);
			runOnlyForDeploymentPostprocessing = 0;
		};
		6A49DC402808537D006C50DC /* Resources */ = {
			isa = PBXResourcesBuildPhase;
			buildActionMask = 2147483647;
			files = (
			);
			runOnlyForDeploymentPostprocessing = 0;
		};
/* End PBXResourcesBuildPhase section */

/* Begin PBXSourcesBuildPhase section */
		6A49DC1E2808537C006C50DC /* Sources */ = {
			isa = PBXSourcesBuildPhase;
			buildActionMask = 2147483647;
			files = (
				6A49DC2A2808537C006C50DC /* ViewController.swift in Sources */,
				6A49DC262808537C006C50DC /* AppDelegate.swift in Sources */,
				6A49DC282808537C006C50DC /* SceneDelegate.swift in Sources */,
			);
			runOnlyForDeploymentPostprocessing = 0;
		};
		6A49DC342808537D006C50DC /* Sources */ = {
			isa = PBXSourcesBuildPhase;
			buildActionMask = 2147483647;
			files = (
				6A49DC3D2808537D006C50DC /* MovieSearchAppTests.swift in Sources */,
			);
			runOnlyForDeploymentPostprocessing = 0;
		};
		6A49DC3E2808537D006C50DC /* Sources */ = {
			isa = PBXSourcesBuildPhase;
			buildActionMask = 2147483647;
			files = (
				6A49DC472808537D006C50DC /* MovieSearchAppUITests.swift in Sources */,
				6A49DC492808537D006C50DC /* MovieSearchAppUITestsLaunchTests.swift in Sources */,
			);
			runOnlyForDeploymentPostprocessing = 0;
		};
/* End PBXSourcesBuildPhase section */

/* Begin PBXTargetDependency section */
		6A49DC3A2808537D006C50DC /* PBXTargetDependency */ = {
			isa = PBXTargetDependency;
			target = 6A49DC212808537C006C50DC /* MovieSearchApp */;
			targetProxy = 6A49DC392808537D006C50DC /* PBXContainerItemProxy */;
		};
		6A49DC442808537D006C50DC /* PBXTargetDependency */ = {
			isa = PBXTargetDependency;
			target = 6A49DC212808537C006C50DC /* MovieSearchApp */;
			targetProxy = 6A49DC432808537D006C50DC /* PBXContainerItemProxy */;
		};
/* End PBXTargetDependency section */

/* Begin PBXVariantGroup section */
		6A49DC2B2808537C006C50DC /* Main.storyboard */ = {
			isa = PBXVariantGroup;
			children = (
				6A49DC2C2808537C006C50DC /* Base */,
			);
			name = Main.storyboard;
			sourceTree = "<group>";
		};
		6A49DC302808537D006C50DC /* LaunchScreen.storyboard */ = {
			isa = PBXVariantGroup;
			children = (
				6A49DC312808537D006C50DC /* Base */,
			);
			name = LaunchScreen.storyboard;
			sourceTree = "<group>";
		};
/* End PBXVariantGroup section */

/* Begin XCBuildConfiguration section */
		6A49DC4A2808537D006C50DC /* Debug */ = {
			isa = XCBuildConfiguration;
			buildSettings = {
				ALWAYS_SEARCH_USER_PATHS = NO;
				CLANG_ANALYZER_NONNULL = YES;
				CLANG_ANALYZER_NUMBER_OBJECT_CONVERSION = YES_AGGRESSIVE;
				CLANG_CXX_LANGUAGE_STANDARD = "gnu++17";
				CLANG_CXX_LIBRARY = "libc++";
				CLANG_ENABLE_MODULES = YES;
				CLANG_ENABLE_OBJC_ARC = YES;
				CLANG_ENABLE_OBJC_WEAK = YES;
				CLANG_WARN_BLOCK_CAPTURE_AUTORELEASING = YES;
				CLANG_WARN_BOOL_CONVERSION = YES;
				CLANG_WARN_COMMA = YES;
				CLANG_WARN_CONSTANT_CONVERSION = YES;
				CLANG_WARN_DEPRECATED_OBJC_IMPLEMENTATIONS = YES;
				CLANG_WARN_DIRECT_OBJC_ISA_USAGE = YES_ERROR;
				CLANG_WARN_DOCUMENTATION_COMMENTS = YES;
				CLANG_WARN_EMPTY_BODY = YES;
				CLANG_WARN_ENUM_CONVERSION = YES;
				CLANG_WARN_INFINITE_RECURSION = YES;
				CLANG_WARN_INT_CONVERSION = YES;
				CLANG_WARN_NON_LITERAL_NULL_CONVERSION = YES;
				CLANG_WARN_OBJC_IMPLICIT_RETAIN_SELF = YES;
				CLANG_WARN_OBJC_LITERAL_CONVERSION = YES;
				CLANG_WARN_OBJC_ROOT_CLASS = YES_ERROR;
				CLANG_WARN_QUOTED_INCLUDE_IN_FRAMEWORK_HEADER = YES;
				CLANG_WARN_RANGE_LOOP_ANALYSIS = YES;
				CLANG_WARN_STRICT_PROTOTYPES = YES;
				CLANG_WARN_SUSPICIOUS_MOVE = YES;
				CLANG_WARN_UNGUARDED_AVAILABILITY = YES_AGGRESSIVE;
				CLANG_WARN_UNREACHABLE_CODE = YES;
				CLANG_WARN__DUPLICATE_METHOD_MATCH = YES;
				COPY_PHASE_STRIP = NO;
				DEBUG_INFORMATION_FORMAT = dwarf;
				ENABLE_STRICT_OBJC_MSGSEND = YES;
				ENABLE_TESTABILITY = YES;
				GCC_C_LANGUAGE_STANDARD = gnu11;
				GCC_DYNAMIC_NO_PIC = NO;
				GCC_NO_COMMON_BLOCKS = YES;
				GCC_OPTIMIZATION_LEVEL = 0;
				GCC_PREPROCESSOR_DEFINITIONS = (
					"DEBUG=1",
					"$(inherited)",
				);
				GCC_WARN_64_TO_32_BIT_CONVERSION = YES;
				GCC_WARN_ABOUT_RETURN_TYPE = YES_ERROR;
				GCC_WARN_UNDECLARED_SELECTOR = YES;
				GCC_WARN_UNINITIALIZED_AUTOS = YES_AGGRESSIVE;
				GCC_WARN_UNUSED_FUNCTION = YES;
				GCC_WARN_UNUSED_VARIABLE = YES;
				IPHONEOS_DEPLOYMENT_TARGET = 15.2;
				MTL_ENABLE_DEBUG_INFO = INCLUDE_SOURCE;
				MTL_FAST_MATH = YES;
				ONLY_ACTIVE_ARCH = YES;
				SDKROOT = iphoneos;
				SWIFT_ACTIVE_COMPILATION_CONDITIONS = DEBUG;
				SWIFT_OPTIMIZATION_LEVEL = "-Onone";
			};
			name = Debug;
		};
		6A49DC4B2808537D006C50DC /* Release */ = {
			isa = XCBuildConfiguration;
			buildSettings = {
				ALWAYS_SEARCH_USER_PATHS = NO;
				CLANG_ANALYZER_NONNULL = YES;
				CLANG_ANALYZER_NUMBER_OBJECT_CONVERSION = YES_AGGRESSIVE;
				CLANG_CXX_LANGUAGE_STANDARD = "gnu++17";
				CLANG_CXX_LIBRARY = "libc++";
				CLANG_ENABLE_MODULES = YES;
				CLANG_ENABLE_OBJC_ARC = YES;
				CLANG_ENABLE_OBJC_WEAK = YES;
				CLANG_WARN_BLOCK_CAPTURE_AUTORELEASING = YES;
				CLANG_WARN_BOOL_CONVERSION = YES;
				CLANG_WARN_COMMA = YES;
				CLANG_WARN_CONSTANT_CONVERSION = YES;
				CLANG_WARN_DEPRECATED_OBJC_IMPLEMENTATIONS = YES;
				CLANG_WARN_DIRECT_OBJC_ISA_USAGE = YES_ERROR;
				CLANG_WARN_DOCUMENTATION_COMMENTS = YES;
				CLANG_WARN_EMPTY_BODY = YES;
				CLANG_WARN_ENUM_CONVERSION = YES;
				CLANG_WARN_INFINITE_RECURSION = YES;
				CLANG_WARN_INT_CONVERSION = YES;
				CLANG_WARN_NON_LITERAL_NULL_CONVERSION = YES;
				CLANG_WARN_OBJC_IMPLICIT_RETAIN_SELF = YES;
				CLANG_WARN_OBJC_LITERAL_CONVERSION = YES;
				CLANG_WARN_OBJC_ROOT_CLASS = YES_ERROR;
				CLANG_WARN_QUOTED_INCLUDE_IN_FRAMEWORK_HEADER = YES;
				CLANG_WARN_RANGE_LOOP_ANALYSIS = YES;
				CLANG_WARN_STRICT_PROTOTYPES = YES;
				CLANG_WARN_SUSPICIOUS_MOVE = YES;
				CLANG_WARN_UNGUARDED_AVAILABILITY = YES_AGGRESSIVE;
				CLANG_WARN_UNREACHABLE_CODE = YES;
				CLANG_WARN__DUPLICATE_METHOD_MATCH = YES;
				COPY_PHASE_STRIP = NO;
				DEBUG_INFORMATION_FORMAT = "dwarf-with-dsym";
				ENABLE_NS_ASSERTIONS = NO;
				ENABLE_STRICT_OBJC_MSGSEND = YES;
				GCC_C_LANGUAGE_STANDARD = gnu11;
				GCC_NO_COMMON_BLOCKS = YES;
				GCC_WARN_64_TO_32_BIT_CONVERSION = YES;
				GCC_WARN_ABOUT_RETURN_TYPE = YES_ERROR;
				GCC_WARN_UNDECLARED_SELECTOR = YES;
				GCC_WARN_UNINITIALIZED_AUTOS = YES_AGGRESSIVE;
				GCC_WARN_UNUSED_FUNCTION = YES;
				GCC_WARN_UNUSED_VARIABLE = YES;
				IPHONEOS_DEPLOYMENT_TARGET = 15.2;
				MTL_ENABLE_DEBUG_INFO = NO;
				MTL_FAST_MATH = YES;
				SDKROOT = iphoneos;
				SWIFT_COMPILATION_MODE = wholemodule;
				SWIFT_OPTIMIZATION_LEVEL = "-O";
				VALIDATE_PRODUCT = YES;
			};
			name = Release;
		};
		6A49DC4D2808537D006C50DC /* Debug */ = {
			isa = XCBuildConfiguration;
			buildSettings = {
				ASSETCATALOG_COMPILER_APPICON_NAME = AppIcon;
				ASSETCATALOG_COMPILER_GLOBAL_ACCENT_COLOR_NAME = AccentColor;
				CODE_SIGN_STYLE = Automatic;
				CURRENT_PROJECT_VERSION = 1;
				DEVELOPMENT_TEAM = PY3HK5UPTR;
				GENERATE_INFOPLIST_FILE = YES;
				INFOPLIST_FILE = MovieSearchApp/Info.plist;
				INFOPLIST_KEY_UIApplicationSupportsIndirectInputEvents = YES;
				INFOPLIST_KEY_UILaunchStoryboardName = LaunchScreen;
				INFOPLIST_KEY_UIMainStoryboardFile = Main;
				INFOPLIST_KEY_UISupportedInterfaceOrientations_iPad = "UIInterfaceOrientationPortrait UIInterfaceOrientationPortraitUpsideDown UIInterfaceOrientationLandscapeLeft UIInterfaceOrientationLandscapeRight";
				INFOPLIST_KEY_UISupportedInterfaceOrientations_iPhone = "UIInterfaceOrientationPortrait UIInterfaceOrientationLandscapeLeft UIInterfaceOrientationLandscapeRight";
				LD_RUNPATH_SEARCH_PATHS = (
					"$(inherited)",
					"@executable_path/Frameworks",
				);
				MARKETING_VERSION = 1.0;
				PRODUCT_BUNDLE_IDENTIFIER = com.ethan.MovieSearchApp;
				PRODUCT_NAME = "$(TARGET_NAME)";
				SWIFT_EMIT_LOC_STRINGS = YES;
				SWIFT_VERSION = 5.0;
				TARGETED_DEVICE_FAMILY = "1,2";
			};
			name = Debug;
		};
		6A49DC4E2808537D006C50DC /* Release */ = {
			isa = XCBuildConfiguration;
			buildSettings = {
				ASSETCATALOG_COMPILER_APPICON_NAME = AppIcon;
				ASSETCATALOG_COMPILER_GLOBAL_ACCENT_COLOR_NAME = AccentColor;
				CODE_SIGN_STYLE = Automatic;
				CURRENT_PROJECT_VERSION = 1;
				DEVELOPMENT_TEAM = PY3HK5UPTR;
				GENERATE_INFOPLIST_FILE = YES;
				INFOPLIST_FILE = MovieSearchApp/Info.plist;
				INFOPLIST_KEY_UIApplicationSupportsIndirectInputEvents = YES;
				INFOPLIST_KEY_UILaunchStoryboardName = LaunchScreen;
				INFOPLIST_KEY_UIMainStoryboardFile = Main;
				INFOPLIST_KEY_UISupportedInterfaceOrientations_iPad = "UIInterfaceOrientationPortrait UIInterfaceOrientationPortraitUpsideDown UIInterfaceOrientationLandscapeLeft UIInterfaceOrientationLandscapeRight";
				INFOPLIST_KEY_UISupportedInterfaceOrientations_iPhone = "UIInterfaceOrientationPortrait UIInterfaceOrientationLandscapeLeft UIInterfaceOrientationLandscapeRight";
				LD_RUNPATH_SEARCH_PATHS = (
					"$(inherited)",
					"@executable_path/Frameworks",
				);
				MARKETING_VERSION = 1.0;
				PRODUCT_BUNDLE_IDENTIFIER = com.ethan.MovieSearchApp;
				PRODUCT_NAME = "$(TARGET_NAME)";
				SWIFT_EMIT_LOC_STRINGS = YES;
				SWIFT_VERSION = 5.0;
				TARGETED_DEVICE_FAMILY = "1,2";
			};
			name = Release;
		};
		6A49DC502808537D006C50DC /* Debug */ = {
			isa = XCBuildConfiguration;
			buildSettings = {
				ALWAYS_EMBED_SWIFT_STANDARD_LIBRARIES = YES;
				BUNDLE_LOADER = "$(TEST_HOST)";
				CODE_SIGN_STYLE = Automatic;
				CURRENT_PROJECT_VERSION = 1;
				DEVELOPMENT_TEAM = PY3HK5UPTR;
				GENERATE_INFOPLIST_FILE = YES;
				IPHONEOS_DEPLOYMENT_TARGET = 15.2;
				MARKETING_VERSION = 1.0;
				PRODUCT_BUNDLE_IDENTIFIER = com.ethan.MovieSearchAppTests;
				PRODUCT_NAME = "$(TARGET_NAME)";
				SWIFT_EMIT_LOC_STRINGS = NO;
				SWIFT_VERSION = 5.0;
				TARGETED_DEVICE_FAMILY = "1,2";
				TEST_HOST = "$(BUILT_PRODUCTS_DIR)/MovieSearchApp.app/MovieSearchApp";
			};
			name = Debug;
		};
		6A49DC512808537D006C50DC /* Release */ = {
			isa = XCBuildConfiguration;
			buildSettings = {
				ALWAYS_EMBED_SWIFT_STANDARD_LIBRARIES = YES;
				BUNDLE_LOADER = "$(TEST_HOST)";
				CODE_SIGN_STYLE = Automatic;
				CURRENT_PROJECT_VERSION = 1;
				DEVELOPMENT_TEAM = PY3HK5UPTR;
				GENERATE_INFOPLIST_FILE = YES;
				IPHONEOS_DEPLOYMENT_TARGET = 15.2;
				MARKETING_VERSION = 1.0;
				PRODUCT_BUNDLE_IDENTIFIER = com.ethan.MovieSearchAppTests;
				PRODUCT_NAME = "$(TARGET_NAME)";
				SWIFT_EMIT_LOC_STRINGS = NO;
				SWIFT_VERSION = 5.0;
				TARGETED_DEVICE_FAMILY = "1,2";
				TEST_HOST = "$(BUILT_PRODUCTS_DIR)/MovieSearchApp.app/MovieSearchApp";
			};
			name = Release;
		};
		6A49DC532808537D006C50DC /* Debug */ = {
			isa = XCBuildConfiguration;
			buildSettings = {
				ALWAYS_EMBED_SWIFT_STANDARD_LIBRARIES = YES;
				CODE_SIGN_STYLE = Automatic;
				CURRENT_PROJECT_VERSION = 1;
				DEVELOPMENT_TEAM = PY3HK5UPTR;
				GENERATE_INFOPLIST_FILE = YES;
				MARKETING_VERSION = 1.0;
				PRODUCT_BUNDLE_IDENTIFIER = com.ethan.MovieSearchAppUITests;
				PRODUCT_NAME = "$(TARGET_NAME)";
				SWIFT_EMIT_LOC_STRINGS = NO;
				SWIFT_VERSION = 5.0;
				TARGETED_DEVICE_FAMILY = "1,2";
				TEST_TARGET_NAME = MovieSearchApp;
			};
			name = Debug;
		};
		6A49DC542808537D006C50DC /* Release */ = {
			isa = XCBuildConfiguration;
			buildSettings = {
				ALWAYS_EMBED_SWIFT_STANDARD_LIBRARIES = YES;
				CODE_SIGN_STYLE = Automatic;
				CURRENT_PROJECT_VERSION = 1;
				DEVELOPMENT_TEAM = PY3HK5UPTR;
				GENERATE_INFOPLIST_FILE = YES;
				MARKETING_VERSION = 1.0;
				PRODUCT_BUNDLE_IDENTIFIER = com.ethan.MovieSearchAppUITests;
				PRODUCT_NAME = "$(TARGET_NAME)";
				SWIFT_EMIT_LOC_STRINGS = NO;
				SWIFT_VERSION = 5.0;
				TARGETED_DEVICE_FAMILY = "1,2";
				TEST_TARGET_NAME = MovieSearchApp;
			};
			name = Release;
		};
/* End XCBuildConfiguration section */

/* Begin XCConfigurationList section */
		6A49DC1D2808537C006C50DC /* Build configuration list for PBXProject "MovieSearchApp" */ = {
			isa = XCConfigurationList;
			buildConfigurations = (
				6A49DC4A2808537D006C50DC /* Debug */,
				6A49DC4B2808537D006C50DC /* Release */,
			);
			defaultConfigurationIsVisible = 0;
			defaultConfigurationName = Release;
		};
		6A49DC4C2808537D006C50DC /* Build configuration list for PBXNativeTarget "MovieSearchApp" */ = {
			isa = XCConfigurationList;
			buildConfigurations = (
				6A49DC4D2808537D006C50DC /* Debug */,
				6A49DC4E2808537D006C50DC /* Release */,
			);
			defaultConfigurationIsVisible = 0;
			defaultConfigurationName = Release;
		};
		6A49DC4F2808537D006C50DC /* Build configuration list for PBXNativeTarget "MovieSearchAppTests" */ = {
			isa = XCConfigurationList;
			buildConfigurations = (
				6A49DC502808537D006C50DC /* Debug */,
				6A49DC512808537D006C50DC /* Release */,
			);
			defaultConfigurationIsVisible = 0;
			defaultConfigurationName = Release;
		};
		6A49DC522808537D006C50DC /* Build configuration list for PBXNativeTarget "MovieSearchAppUITests" */ = {
			isa = XCConfigurationList;
			buildConfigurations = (
				6A49DC532808537D006C50DC /* Debug */,
				6A49DC542808537D006C50DC /* Release */,
			);
			defaultConfigurationIsVisible = 0;
			defaultConfigurationName = Release;
		};
/* End XCConfigurationList section */
	};
	rootObject = 6A49DC1A2808537C006C50DC /* Project object */;
}
